# This file was autogenerated by Stack.
# You should not edit this file by hand.
# For more information, please see the documentation at:
#   https://docs.haskellstack.org/en/stable/lock_files

packages:
- completed:
    hackage: hood-0.3@sha256:f9b9df9c7f747b1da4f96477fab00305b5a28132eabc224e76db75b1bae34a64,1125
    pantry-tree:
      size: 311
      sha256: b3782aec540e3f1e9923a79f9343bf333e2de3fca1deeed792d6eb25fc9b857d
  original:
    hackage: hood-0.3
snapshots:
- completed:
    size: 568659
    url: https://raw.githubusercontent.com/commercialhaskell/stackage-snapshots/master/lts/10/6.yaml
    sha256: a24c1837c874a478e694fdc370581b3e07cddeaf656ca85afd0c213c34001a53
  original: lts-10.6
